
Microsoft Visual Studio Solution File, Format Version 12.00
# Visual Studio 2017
Project("{FAE04EC0-301F-11D3-BF4B-00C04F79EFBC}") = "Load New Scene UI.Plugins", "Load New Scene UI.Plugins.csproj", "{F620F29A-F172-3923-39EF-91484BB2088F}"
EndProject
Project("{FAE04EC0-301F-11D3-BF4B-00C04F79EFBC}") = "Load New Scene UI", "Load New Scene UI.csproj", "{9F0A201D-4F66-E062-E974-C872D3FCB913}"
EndProject
Project("{FAE04EC0-301F-11D3-BF4B-00C04F79EFBC}") = "Load New Scene UI.Editor.Plugins", "Load New Scene UI.Editor.Plugins.csproj", "{37EA417C-F87E-C2B4-765B-26E62FFACC8C}"
EndProject
Global
	GlobalSection(SolutionConfigurationPlatforms) = preSolution
		Debug|Any CPU = Debug|Any CPU
		Release|Any CPU = Release|Any CPU
	EndGlobalSection
	GlobalSection(ProjectConfigurationPlatforms) = postSolution
		{F620F29A-F172-3923-39EF-91484BB2088F}.Debug|Any CPU.ActiveCfg = Debug|Any CPU
		{F620F29A-F172-3923-39EF-91484BB2088F}.Debug|Any CPU.Build.0 = Debug|Any CPU
		{F620F29A-F172-3923-39EF-91484BB2088F}.Release|Any CPU.ActiveCfg = Release|Any CPU
		{F620F29A-F172-3923-39EF-91484BB2088F}.Release|Any CPU.Build.0 = Release|Any CPU
		{9F0A201D-4F66-E062-E974-C872D3FCB913}.Debug|Any CPU.ActiveCfg = Debug|Any CPU
		{9F0A201D-4F66-E062-E974-C872D3FCB913}.Debug|Any CPU.Build.0 = Debug|Any CPU
		{9F0A201D-4F66-E062-E974-C872D3FCB913}.Release|Any CPU.ActiveCfg = Release|Any CPU
		{9F0A201D-4F66-E062-E974-C872D3FCB913}.Release|Any CPU.Build.0 = Release|Any CPU
		{37EA417C-F87E-C2B4-765B-26E62FFACC8C}.Debug|Any CPU.ActiveCfg = Debug|Any CPU
		{37EA417C-F87E-C2B4-765B-26E62FFACC8C}.Debug|Any CPU.Build.0 = Debug|Any CPU
		{37EA417C-F87E-C2B4-765B-26E62FFACC8C}.Release|Any CPU.ActiveCfg = Release|Any CPU
		{37EA417C-F87E-C2B4-765B-26E62FFACC8C}.Release|Any CPU.Build.0 = Release|Any CPU
	EndGlobalSection
	GlobalSection(SolutionProperties) = preSolution
		HideSolutionNode = FALSE
	EndGlobalSection
EndGlobal
